schema: '2.0'
stages:
  preprocess_wellcome_science:
    cmd: grants_tagger preprocess wellcome-science data/raw/science_tags_full_version.xlsx
      data/processed/science_grants_tagged_title_synopsis.jsonl
    deps:
    - path: data/raw/science_tags_full_version.xlsx
      md5: 74da2bf7a507e52b8b677ddce19156a9
      size: 2638299
    - path: grants_tagger/preprocess.py
      md5: 959ffb629c7f2c7010052c92c2b18116
      size: 3559
    params:
      params.yaml:
        preprocess_wellcome_science.meta_cols: Grant_ID,Title
        preprocess_wellcome_science.text_cols: Title,Synopsis
    outs:
    - path: data/processed/science_grants_tagged_title_synopsis.jsonl
      md5: 2fb37d57daeece50a0190e16e229647a
      size: 2809039
  train:
    cmd: grants_tagger train data/processed/science_grants_tagged_title_synopsis.jsonl
      models/label_binarizer.pkl models/tfidf-svm-2020.05.2.pkl --approach tfidf-svm
    deps:
    - path: data/processed/science_grants_tagged_title_synopsis.jsonl
      md5: 2fb37d57daeece50a0190e16e229647a
      size: 2809039
    - path: grants_tagger/train.py
      md5: 162e8650a0a7e970420f48eb5c253f82
      size: 3970
    params:
      params.yaml:
        train.class_weight: balanced
        train.min_df: 5
        train.ngram_range:
        - 1
        - 2
    outs:
    - path: models/label_binarizer.pkl
      md5: 220319a004a60bd6475e2fb617c2c1f3
      size: 1067
    - path: models/tfidf-svm-2020.05.2.pkl
      md5: eceaf3846999e47380ca670c096b810a
      size: 17768856
  train_tfidf_svm:
    cmd: grants_tagger train data/processed/science_grants_tagged_title_synopsis.jsonl
      models/label_binarizer-2020.05.2.pkl models/tfidf-svm-2020.05.2.pkl --approach
      tfidf-svm
    deps:
    - path: data/processed/science_grants_tagged_title_synopsis.jsonl
      md5: 2fb37d57daeece50a0190e16e229647a
      size: 2809039
    - path: grants_tagger/train.py
      md5: c07a28772ee20b9d2a5eb1727d347877
      size: 5375
    params:
      params.yaml:
        train.tfidf-svm.svm__estimator.class_weight: balanced
        train.tfidf-svm.tfidf.min_df: 5
        train.tfidf-svm.tfidf.ngram_range:
        - 1
        - 2
    outs:
    - path: models/label_binarizer-2020.05.2.pkl
      md5: 220319a004a60bd6475e2fb617c2c1f3
      size: 1067
    - path: models/tfidf-svm-2020.05.2.pkl
      md5: f6f5ad2b1baec695075b2eb0551ab527
      size: 17768857
  evaluate:
    cmd: grants_tagger evaluate model tfidf-svm models/tfidf-svm-2020.05.2.pkl data/processed/science_grants_tagged_title_synopsis.jsonl
      models/label_binarizer.pkl
    deps:
    - path: grants_tagger/evaluate_model.py
      md5: cd583e8d10e0c889647834cab217ce2f
      size: 1872
    - path: models/label_binarizer.pkl
      md5: 220319a004a60bd6475e2fb617c2c1f3
      size: 1067
    - path: models/tfidf-svm-2020.05.2.pkl
      md5: f24b224be6a867f96400b3df2ad26ac9
      size: 17768856
    outs:
    - path: results.json
      md5: 1d0d4fb63ae1d1b911373cc558147737
      size: 89
  evaluate_tfidf_svm:
    cmd: grants_tagger evaluate model tfidf-svm models/tfidf-svm-2020.05.2.pkl data/processed/science_grants_tagged_title_synopsis.jsonl
      models/label_binarizer.pkl --results-path results/tfidf_svm.json
    deps:
    - path: grants_tagger/evaluate_model.py
      md5: f44b129408d66916e59c881bc777db87
      size: 1908
    - path: models/label_binarizer-2020.05.2.pkl
      md5: 220319a004a60bd6475e2fb617c2c1f3
      size: 1067
    - path: models/tfidf-svm-2020.05.2.pkl
      md5: f6f5ad2b1baec695075b2eb0551ab527
      size: 17768857
    outs:
    - path: results/tfidf_svm.json
      md5: 1d0d4fb63ae1d1b911373cc558147737
      size: 89
  train_scibert:
    cmd: grants_tagger train data/processed/science_grants_tagged_title_synopsis.jsonl
      models/label_binarizer-2020.05.5.pkl models/scibert-2020.05.5 --approach scibert
    deps:
    - path: data/processed/science_grants_tagged_title_synopsis.jsonl
      md5: 2fb37d57daeece50a0190e16e229647a
      size: 2809039
    - path: grants_tagger/train.py
      md5: c07a28772ee20b9d2a5eb1727d347877
      size: 5375
    params:
      params.yaml:
        train.scibert.epochs: 10
        train.scibert.learning_rate: 2e-05
        train.scibert.validation_split: 0.1
    outs:
    - path: models/label_binarizer-2020.05.5.pkl
      md5: 220319a004a60bd6475e2fb617c2c1f3
      size: 1067
    - path: models/scibert-2020.05.5
      md5: 04d9e31be6a236da841b31d78ba149d2.dir
      size: 440020010
      nfiles: 2
  evaluate_scibert:
    cmd: grants_tagger evaluate model scibert models/scibert-2020.05.5 data/processed/science_grants_tagged_title_synopsis.jsonl
      models/label_binarizer-2020.05.5.pkl --results-path results/scibert.json
    deps:
    - path: grants_tagger/evaluate_model.py
      md5: f44b129408d66916e59c881bc777db87
      size: 1908
    - path: models/label_binarizer-2020.05.5.pkl
      md5: 220319a004a60bd6475e2fb617c2c1f3
      size: 1067
    - path: models/scibert-2020.05.5
      md5: 04d9e31be6a236da841b31d78ba149d2.dir
      size: 440020010
      nfiles: 2
    outs:
    - path: results/scibert.json
      md5: e3ccf07bfd0e4a7ba8ed5215da1db9f0
      size: 88
  preprocess_bioasq_mesh:
    cmd: grants_tagger preprocess bioasq-mesh data/raw/allMeSH_2021.json data/processed/mesh2021.jsonl
      --test-split 0.01
    deps:
    - path: data/raw/allMeSH_2021.json
      md5: e827a6b8062d1312664dcf075c12d89f
      size: 27547042745
    - path: grants_tagger/preprocess_mesh.py
      md5: bd9cc4e4101acff0bbff46770f08f40c
      size: 2764
    outs:
    - path: data/processed/test_mesh2021.jsonl
      md5: 9de03e6c3768c6918421a46fc908bb9b
      size: 247324489
    - path: data/processed/train_mesh2021.jsonl
      md5: cd452731d4d4d9a6e30c5483a9490404
      size: 24471990205
  evaluate_science_ensemble:
    cmd: grants_tagger evaluate model science-ensemble models/tfidf-svm-2020.05.2.pkl,models/scibert-2020.05.5
      data/processed/science_grants_tagged_title_synopsis.jsonl models/label_binarizer-2020.05.2.pkl
      --results-path results/science_ensemble.json
    deps:
    - path: grants_tagger/evaluate_model.py
      md5: f44b129408d66916e59c881bc777db87
      size: 1908
    - path: models/label_binarizer-2020.05.2.pkl
      md5: 220319a004a60bd6475e2fb617c2c1f3
      size: 1067
    - path: models/scibert-2020.05.5
      md5: 04d9e31be6a236da841b31d78ba149d2.dir
      size: 440020010
      nfiles: 2
    - path: models/tfidf-svm-2020.05.2.pkl
      md5: f6f5ad2b1baec695075b2eb0551ab527
      size: 17768857
    outs:
    - path: results/science_ensemble.json
      md5: 5fd17018d4a60be4c8ab1fa36f68cb34
      size: 89
  train_mesh_cnn:
    cmd: grants_tagger train data/processed/disease_mesh.jsonl models/disease_mesh_label_binarizer-2021.06.0.pkl
      models/disease_mesh_cnn-2021.06.0 --approach mesh-cnn --sparse-labels
    deps:
    - path: data/processed/disease_mesh.jsonl
      md5: f4463f861869e7516caef78ff75600ac
      size: 12179582610
    - path: grants_tagger/models.py
      md5: 234124a679b6f761241c4ff7ba7b2fd7
      size: 25324
    - path: grants_tagger/train.py
      md5: 78683e5785fe5f403b4d1f58211b5dc8
      size: 3971
    params:
      params.yaml:
        train.mesh-cnn.cnn.attention: true
        train.mesh-cnn.cnn.batch_size: 256
        train.mesh-cnn.cnn.dense_size: 10000
        train.mesh-cnn.cnn.dropout: 0.1
        train.mesh-cnn.cnn.hidden_size: 400
        train.mesh-cnn.cnn.l2: 7e-07
        train.mesh-cnn.cnn.learning_rate: 0.0001
        train.mesh-cnn.cnn.learning_rate_decay: 0.8
        train.mesh-cnn.cnn.multilabel: true
        train.mesh-cnn.cnn.nb_epochs: 10
        train.mesh-cnn.vec.sequence_length: 400
        train.mesh-cnn.vec.tokenizer_library: transformers
        train.mesh-cnn.vec.vocab_size: 30000
    outs:
    - path: models/disease_mesh_cnn-2021.06.0
      md5: 08ec776180c1d45ff0f35024833f843d.dir
      size: 808278043
      nfiles: 5
    - path: models/disease_mesh_label_binarizer-2021.06.0.pkl
      md5: 85be50a39457aa83f1dd4fbb2b1f26b6
      size: 147371
  train_mesh_xlinear:
    cmd: grants_tagger train data/processed/train_mesh2021.jsonl models/xlinear/label_binarizer-2021.09.0.pkl
      models/xlinear/model-2021.09.0 --test-data-path data/processed/test_mesh2021.jsonl
      --approach mesh-xlinear --sparse-labels --no-evaluate
    deps:
    - path: data/processed/test_mesh2021.jsonl
      md5: 9de03e6c3768c6918421a46fc908bb9b
      size: 247324489
    - path: grants_tagger/models.py
      md5: fbf24463e7bd7550a6d9235f46e058ca
      size: 28404
    - path: grants_tagger/train.py
      md5: c07a28772ee20b9d2a5eb1727d347877
      size: 5375
    params:
      params.yaml:
        train.mesh-xlinear.tfidf.lowercase: true
        train.mesh-xlinear.tfidf.max_df: 1.0
        train.mesh-xlinear.tfidf.max_features: 400000
        train.mesh-xlinear.tfidf.min_df: 5
        train.mesh-xlinear.tfidf.ngram_range:
        - 1
        - 1
        train.mesh-xlinear.tfidf.stop_words: english
        train.mesh-xlinear.xlinear.beam_size: 10
        train.mesh-xlinear.xlinear.cluster_chain: true
        train.mesh-xlinear.xlinear.min_weight_value: 0.1
        train.mesh-xlinear.xlinear.negative_sampling_scheme: tfn
        train.mesh-xlinear.xlinear.only_topk: 20
    outs:
    - path: models/xlinear/label_binarizer-2021.09.0.pkl
      md5: 67d759ed4142feab2e575dc9bd3d5f54
      size: 827793
    - path: models/xlinear/model-2021.09.0
      md5: 764cbf5354498f718ddf3c03dcebaa5c.dir
      size: 4263320373
      nfiles: 33
  evaluate_mesh_xlinear_on_grants:
    cmd: grants_tagger evaluate model mesh-xlinear models/xlinear/model-2021.09.0
      data/raw/disease_tags_validation_grants.xlsx models/xlinear/label_binarizer-2021.09.0.pkl
      --results-path results/mesh_xlinear_on_grants.json --grants --mesh-tags-path
      data/processed/mesh_disease_tags.csv
    deps:
    - path: data/processed/mesh_disease_tags.csv
      md5: 4311b12fb4f381ffab1d76f55069683d
      size: 260080
    - path: data/raw/disease_tags_validation_grants.xlsx
      md5: 71554cf90758773fb996351000384d4f
      size: 615751
    - path: grants_tagger/evaluate_mesh_on_grants.py
      md5: b48b77b6037888af2066ad4e847cb486
      size: 2674
    - path: models/xlinear/label_binarizer-2021.09.0.pkl
      md5: 67d759ed4142feab2e575dc9bd3d5f54
      size: 827793
    - path: models/xlinear/model-2021.09.0
      md5: 764cbf5354498f718ddf3c03dcebaa5c.dir
      size: 4263320373
      nfiles: 33
    outs:
    - path: results/mesh_xlinear_on_grants.json
      md5: 9a46ed758b19584b45a9472fd2ad9d8c
      size: 26
  evaluate_mesh_xlinear:
    cmd: grants_tagger evaluate model mesh-xlinear models/xlinear/model-2021.09.0
      data/processed/test_mesh2021.jsonl models/xlinear/label_binarizer-2021.09.0.pkl
      --results-path results/mesh_xlinear.json --no-split-data
    deps:
    - path: grants_tagger/evaluate_model.py
      md5: f44b129408d66916e59c881bc777db87
      size: 1908
    - path: models/xlinear/label_binarizer-2021.09.0.pkl
      md5: 67d759ed4142feab2e575dc9bd3d5f54
      size: 827793
    - path: models/xlinear/model-2021.09.0
      md5: 764cbf5354498f718ddf3c03dcebaa5c.dir
      size: 4263320373
      nfiles: 33
    outs:
    - path: results/mesh_xlinear.json
      md5: e9dc5f80bafd4e8070057fe7347be927
      size: 90
  filter_mesh_tags:
    cmd: python grants_tagger/filter_mesh_tags.py data/raw/desc2021.xml data/processed/mesh_disease_tags.csv
    deps:
    - path: data/raw/desc2021.xml
      md5: 8663a7dd8e1895dd22525d42b80cd2df
      size: 300410104
    outs:
    - path: data/processed/mesh_disease_tags.csv
      md5: 4311b12fb4f381ffab1d76f55069683d
      size: 260080
