schema: '2.0'
stages:
  prepare_data:
    cmd: "python prepare_data.py ../../data//processed/train_mesh2021.jsonl ../../data//processed/bertmesh/X.npy\
      \ ../../data//processed/bertmesh/Y.npz ../../models//bertmesh/label_binarizer.pkl\
      \ --years 2019,2019 --pretrained-model microsoft/BiomedNLP-PubMedBERT-base-uncased-abstract\n\
      python prepare_data.py ../../data//processed/train_mesh2021.jsonl ../../data//processed/bertmesh/X_test.npy\
      \ ../../data//processed/bertmesh/Y_test.npz ../../models//bertmesh/label_binarizer.pkl\
      \ --years 2020,2020 --pretrained-model microsoft/BiomedNLP-PubMedBERT-base-uncased-abstract\n"
    deps:
    - path: prepare_data.py
      md5: a451a03eab8e0d9311da13131b3e7fa3
      size: 2007
    params:
      params.yaml:
        prepare_data.years: 2019,2019
        train.pretrained_model: microsoft/BiomedNLP-PubMedBERT-base-uncased-abstract
    outs:
    - path: ../../data//processed/bertmesh/X.npy
      md5: b734201c1044a36e1a1c59f886d0644f
      size: 2660626560
    - path: ../../data//processed/bertmesh/X_test.npy
      md5: 25c4bd0b21cedcf5cfdd3d5d67f64053
      size: 909930624
    - path: ../../data//processed/bertmesh/Y.npz
      md5: 172b71b4e7d2be26a76ca072c7b48e39
      size: 16141305
    - path: ../../data//processed/bertmesh/Y_test.npz
      md5: f3c3763c9a75a8425ee12bbcf3b0a6af
      size: 5375745
    - path: ../../models//bertmesh/label_binarizer.pkl
      md5: 711869c5ef9d5f3dc89da99378f8e36d
      size: 992992
  train:
    cmd: python train_torch.py ../../data//processed/bertmesh/X.npy ../../data//processed/bertmesh/Y.npz
      ../../models//bertmesh/model.pt --learning-rate 5e-05 --batch-size 64 --epochs
      5 --pretrained-model microsoft/BiomedNLP-PubMedBERT-base-uncased-abstract --multilabel-attention
      --hidden-size 1024 --clip-norm 5 --dropout 0.1 --train-metrics-path train_metrics.json
      --warmup-steps 1000 --val-x-path ../../data//processed/bertmesh/X_test.npy --val-y-path
      ../../data//processed/bertmesh/Y_test.npz --experiment-name 2016-2019
    deps:
    - path: ../../data//processed/bertmesh/X.npy
      md5: 5c567ae7f15ae62b3ded0d02ddf31004
      size: 10150809728
    - path: ../../data//processed/bertmesh/Y.npz
      md5: 4a3b1e16c99ea37be90e955e7b83b191
      size: 63159817
    - path: ../../models//bertmesh/label_binarizer.pkl
      md5: fc776931bd177c10b7831c05a9684a8b
      size: 1038486
    - path: train.py
      md5: 54e8be459c2b194b7318919f754eef37
      size: 3479
    params:
      params.yaml:
        train.batch_size: 64
        train.clip_norm: 5
        train.dropout: 0.1
        train.epochs: 5
        train.hidden_size: 1024
        train.learning_rate: 5e-05
        train.pretrained_model: microsoft/BiomedNLP-PubMedBERT-base-uncased-abstract
        train.warmup_steps: 1000
    outs:
    - path: ../../models//bertmesh/model.pt
      md5: bb0216f0665ee2210aab1710daae48aa
      size: 647482273
    - path: train_metrics.json
      md5: 707015630a76ef18ac5e347141a549d8
      size: 144773
  evaluate:
    cmd: python evaluate.py ../../data//processed/bertmesh/X_test.npy ../../data//processed/bertmesh/Y_test.npz
      ../../models//bertmesh/model.pt --batch-size 64 --results-path results.json
      --pr-curve-path pr_curve.json --experiment-name 2016-2019
    deps:
    - path: ../../data//processed/bertmesh/X_test.npy
      md5: deca6b5db5d1b8350caca649bd0d9231
      size: 911880320
    - path: ../../data//processed/bertmesh/Y_test.npz
      md5: 38d8fe3eb327c4848dbc83a47a665192
      size: 5391654
    - path: ../../models//bertmesh/model.pt
      md5: bb0216f0665ee2210aab1710daae48aa
      size: 647482273
    - path: evaluate.py
      md5: dac58b678726b974587a6264d34ac657
      size: 2287
    params:
      params.yaml:
        train.batch_size: 64
    outs:
    - path: pr_curve.json
      md5: b2df3769608966ead4b3ccc27b18c1bd
      size: 458
    - path: results.json
      md5: 82000eb01f06644c61a4c3769762955f
      size: 85
